
Microsoft Visual Studio Solution File, Format Version 12.00
# Visual Studio Version 16
VisualStudioVersion = 16.0.33529.622
MinimumVisualStudioVersion = 10.0.40219.1
Project("{FAE04EC0-301F-11D3-BF4B-00C04F79EFBC}") = "RomSanApp", "ConsoleApp1\RomSanApp.csproj", "{EC1D1D47-7F68-4612-B6D3-29224989C79B}"
EndProject
Global
	GlobalSection(SolutionConfigurationPlatforms) = preSolution
		Debug|Any CPU = Debug|Any CPU
		Release|Any CPU = Release|Any CPU
	EndGlobalSection
	GlobalSection(ProjectConfigurationPlatforms) = postSolution
		{EC1D1D47-7F68-4612-B6D3-29224989C79B}.Debug|Any CPU.ActiveCfg = Debug|Any CPU
		{EC1D1D47-7F68-4612-B6D3-29224989C79B}.Debug|Any CPU.Build.0 = Debug|Any CPU
		{EC1D1D47-7F68-4612-B6D3-29224989C79B}.Release|Any CPU.ActiveCfg = Release|Any CPU
		{EC1D1D47-7F68-4612-B6D3-29224989C79B}.Release|Any CPU.Build.0 = Release|Any CPU
	EndGlobalSection
	GlobalSection(SolutionProperties) = preSolution
		HideSolutionNode = FALSE
	EndGlobalSection
	GlobalSection(ExtensibilityGlobals) = postSolution
		SolutionGuid = {A906BDF7-03F9-4008-9232-6CC17880579F}
	EndGlobalSection
EndGlobal
